
Microsoft Visual Studio Solution File, Format Version 12.00
# Visual Studio Version 17
VisualStudioVersion = 17.6.33723.286
MinimumVisualStudioVersion = 10.0.40219.1
Project("{FAE04EC0-301F-11D3-BF4B-00C04F79EFBC}") = "UWUVCI_WII_TOOLS", "UWUVCI_WII_TOOLS\UWUVCI_WII_TOOLS.csproj", "{97728355-1AA7-43AC-A242-485FA7DF330A}"
EndProject
Global
	GlobalSection(SolutionConfigurationPlatforms) = preSolution
		Debug|Any CPU = Debug|Any CPU
		Release|Any CPU = Release|Any CPU
	EndGlobalSection
	GlobalSection(ProjectConfigurationPlatforms) = postSolution
		{97728355-1AA7-43AC-A242-485FA7DF330A}.Debug|Any CPU.ActiveCfg = Debug|Any CPU
		{97728355-1AA7-43AC-A242-485FA7DF330A}.Debug|Any CPU.Build.0 = Debug|Any CPU
		{97728355-1AA7-43AC-A242-485FA7DF330A}.Release|Any CPU.ActiveCfg = Release|Any CPU
		{97728355-1AA7-43AC-A242-485FA7DF330A}.Release|Any CPU.Build.0 = Release|Any CPU
	EndGlobalSection
	GlobalSection(SolutionProperties) = preSolution
		HideSolutionNode = FALSE
	EndGlobalSection
	GlobalSection(ExtensibilityGlobals) = postSolution
		SolutionGuid = {1D2462BC-D2D2-404B-BC7E-F526A8C24818}
	EndGlobalSection
EndGlobal
